
Microsoft Visual Studio Solution File, Format Version 12.00
# Visual Studio 15
VisualStudioVersion = 15.0.28307.106
MinimumVisualStudioVersion = 10.0.40219.1
Project("{9A19103F-16F7-4668-BE54-9A1E7A4F7556}") = "GolemSampleApp1", "GolemSampleApp1\GolemSampleApp1.csproj", "{9CB9E129-2827-4CF7-BF28-A745569FA84E}"
EndProject
Project("{9A19103F-16F7-4668-BE54-9A1E7A4F7556}") = "Golem.MarketApi.Client", "Golem.MarketApi.Client\Golem.MarketApi.Client.csproj", "{4B4EC600-5616-40B0-A628-9697A011994C}"
EndProject
Project("{FAE04EC0-301F-11D3-BF4B-00C04F79EFBC}") = "GolemSampleProvider1", "GolemSampleProvider1\GolemSampleProvider1.csproj", "{D29CD31F-45CA-4661-9002-0336A5EA6020}"
EndProject
Global
	GlobalSection(SolutionConfigurationPlatforms) = preSolution
		Debug|Any CPU = Debug|Any CPU
		Release|Any CPU = Release|Any CPU
	EndGlobalSection
	GlobalSection(ProjectConfigurationPlatforms) = postSolution
		{9CB9E129-2827-4CF7-BF28-A745569FA84E}.Debug|Any CPU.ActiveCfg = Debug|Any CPU
		{9CB9E129-2827-4CF7-BF28-A745569FA84E}.Debug|Any CPU.Build.0 = Debug|Any CPU
		{9CB9E129-2827-4CF7-BF28-A745569FA84E}.Release|Any CPU.ActiveCfg = Release|Any CPU
		{9CB9E129-2827-4CF7-BF28-A745569FA84E}.Release|Any CPU.Build.0 = Release|Any CPU
		{4B4EC600-5616-40B0-A628-9697A011994C}.Debug|Any CPU.ActiveCfg = Debug|Any CPU
		{4B4EC600-5616-40B0-A628-9697A011994C}.Debug|Any CPU.Build.0 = Debug|Any CPU
		{4B4EC600-5616-40B0-A628-9697A011994C}.Release|Any CPU.ActiveCfg = Release|Any CPU
		{4B4EC600-5616-40B0-A628-9697A011994C}.Release|Any CPU.Build.0 = Release|Any CPU
		{D29CD31F-45CA-4661-9002-0336A5EA6020}.Debug|Any CPU.ActiveCfg = Debug|Any CPU
		{D29CD31F-45CA-4661-9002-0336A5EA6020}.Debug|Any CPU.Build.0 = Debug|Any CPU
		{D29CD31F-45CA-4661-9002-0336A5EA6020}.Release|Any CPU.ActiveCfg = Release|Any CPU
		{D29CD31F-45CA-4661-9002-0336A5EA6020}.Release|Any CPU.Build.0 = Release|Any CPU
	EndGlobalSection
	GlobalSection(SolutionProperties) = preSolution
		HideSolutionNode = FALSE
	EndGlobalSection
	GlobalSection(ExtensibilityGlobals) = postSolution
		SolutionGuid = {C049F9C0-1A5F-4C21-9B1B-6CBC83E9645C}
	EndGlobalSection
EndGlobal
